
Microsoft Visual Studio Solution File, Format Version 12.00
# Visual Studio Version 16
VisualStudioVersion = 16.0.30717.126
MinimumVisualStudioVersion = 10.0.40219.1
Project("{FAE04EC0-301F-11D3-BF4B-00C04F79EFBC}") = "sarakosta", "sarakosta\sarakosta.csproj", "{EAFC7BCA-CCE1-4E3C-8C29-4B49799712A7}"
EndProject
Project("{FAE04EC0-301F-11D3-BF4B-00C04F79EFBC}") = "Updater", "Updater\Updater.csproj", "{C97C089F-606D-432F-A077-21B5BD2712C2}"
EndProject
Global
	GlobalSection(SolutionConfigurationPlatforms) = preSolution
		Debug|Any CPU = Debug|Any CPU
		Release|Any CPU = Release|Any CPU
	EndGlobalSection
	GlobalSection(ProjectConfigurationPlatforms) = postSolution
		{EAFC7BCA-CCE1-4E3C-8C29-4B49799712A7}.Debug|Any CPU.ActiveCfg = Debug|Any CPU
		{EAFC7BCA-CCE1-4E3C-8C29-4B49799712A7}.Debug|Any CPU.Build.0 = Debug|Any CPU
		{EAFC7BCA-CCE1-4E3C-8C29-4B49799712A7}.Release|Any CPU.ActiveCfg = Release|Any CPU
		{EAFC7BCA-CCE1-4E3C-8C29-4B49799712A7}.Release|Any CPU.Build.0 = Release|Any CPU
		{C97C089F-606D-432F-A077-21B5BD2712C2}.Debug|Any CPU.ActiveCfg = Debug|Any CPU
		{C97C089F-606D-432F-A077-21B5BD2712C2}.Debug|Any CPU.Build.0 = Debug|Any CPU
		{C97C089F-606D-432F-A077-21B5BD2712C2}.Release|Any CPU.ActiveCfg = Release|Any CPU
		{C97C089F-606D-432F-A077-21B5BD2712C2}.Release|Any CPU.Build.0 = Release|Any CPU
	EndGlobalSection
	GlobalSection(SolutionProperties) = preSolution
		HideSolutionNode = FALSE
	EndGlobalSection
	GlobalSection(ExtensibilityGlobals) = postSolution
		SolutionGuid = {96F2E785-AC94-4A11-AD96-C986F36EBFAF}
	EndGlobalSection
EndGlobal
